{
  "requires": true,
  "lockfileVersion": 1,
  "dependencies": {
    "milligram": {
      "version": "1.4.0",
      "resolved": "https://registry.npmjs.org/milligram/-/milligram-1.4.0.tgz",
      "integrity": "sha512-ZkuBd7r3NVNLmaG/LPV8/lJJg09rK6qZn3cwEY5Pm7biosrJG1/KW6KNRMHeeJScVJLmmRcorROBXYaOH8WtNQ==",
      "requires": {
        "normalize.css": "~8.0.1"
      }
    },
    "normalize.css": {
      "version": "8.0.1",
      "resolved": "https://registry.npmjs.org/normalize.css/-/normalize.css-8.0.1.tgz",
      "integrity": "sha512-qizSNPO93t1YUuUhP22btGOo3chcvDFqFaj2TRybP0DMxkHOCTYwp3n34fel4a31ORXy4m1Xq0Gyqpb5m33qIg=="
    },
    "phoenix": {
      "version": "1.5.3",
      "resolved": "https://registry.npmjs.org/phoenix/-/phoenix-1.5.3.tgz",
      "integrity": "sha512-wcyHTac54uxpyycKsdXfSpN+5YuYwaXQnkLahxseznDn+V5K3mIEJg+d6QhLBdrn5/0pWIPE7bBC6SBswnIvOg=="
    },
    "typeface-roboto": {
      "version": "0.0.75",
      "resolved": "https://registry.npmjs.org/typeface-roboto/-/typeface-roboto-0.0.75.tgz",
      "integrity": "sha512-VrR/IiH00Z1tFP4vDGfwZ1esNqTiDMchBEXYY9kilT6wRGgFoCAlgkEUMHb1E3mB0FsfZhv756IF0+R+SFPfdg=="
    }
  }
}
