{
  "requires": true,
  "lockfileVersion": 1,
  "dependencies": {
    "phoenix": {
      "version": "1.5.3",
      "resolved": "https://registry.npmjs.org/phoenix/-/phoenix-1.5.3.tgz",
      "integrity": "sha512-wcyHTac54uxpyycKsdXfSpN+5YuYwaXQnkLahxseznDn+V5K3mIEJg+d6QhLBdrn5/0pWIPE7bBC6SBswnIvOg=="
    }
  }
}
